SITE
  remote: http://community.opscode.com/api/v1
  specs:
    bluepill (1.1.0)
    build-essential (1.1.2)
    dmg (1.0.0)
    git (1.0.2)
      build-essential (>= 0.0.0)
      dmg (>= 0.0.0)
      runit (>= 0.0.0)
      yum (>= 0.0.0)
    mysql (1.3.0)
      build-essential (>= 0.0.0)
      openssl (>= 0.0.0)
    nginx (1.0.2)
      bluepill (>= 0.0.0)
      build-essential (>= 0.0.0)
      ohai (>= 1.1.0)
      runit (>= 0.0.0)
      yum (>= 0.0.0)
    ntp (1.2.0)
    ohai (1.1.2)
    openssl (1.0.0)
    postfix (1.2.2)
    runit (0.15.0)
    ufw (0.6.1)
      firewall (>= 0.8)
    yum (0.8.0)

GIT
  remote: git://github.com/dmitriy-kiriyenko/chef-unicorn.git
  ref: master
  sha: 434b22124dd65bd17844aa92c8b1dad408230b12
  specs:
    unicorn (0.2.0)

GIT
  remote: git://github.com/iafonov/chef-nodejs.git
  ref: master
  sha: 2de69ed8526bcc6d8f60b2ec03a5c2d9ed41b71d
  specs:
    nodejs (1.0.0)

GIT
  remote: git://github.com/opscode-cookbooks/firewall.git
  ref: master
  sha: c6274bb2003f7c1f31d4b38e0217b99d5bab05c5
  specs:
    firewall (0.9.0)

DEPENDENCIES
  firewall (>= 0)
  git (>= 0)
  mysql (>= 0)
  nginx (>= 0)
  nodejs (>= 0)
  ntp (>= 0)
  postfix (>= 0)
  ufw (>= 0)
  unicorn (>= 0)

